Microsoft Visual Studio Solution File, Format Version 12.00
# Visual Studio Version 17
VisualStudioVersion = 17.5.2.0
MinimumVisualStudioVersion = 10.0.40219.1
Project("{FAE04EC0-301F-11D3-BF4B-00C04F79EFBC}") = "DapperPrac", "DapperPrac.csproj", "{775DC098-C010-BBAF-E8DA-3AF55E28829D}"
EndProject
Global
	GlobalSection(SolutionConfigurationPlatforms) = preSolution
		Debug|Any CPU = Debug|Any CPU
		Release|Any CPU = Release|Any CPU
	EndGlobalSection
	GlobalSection(ProjectConfigurationPlatforms) = postSolution
		{775DC098-C010-BBAF-E8DA-3AF55E28829D}.Debug|Any CPU.ActiveCfg = Debug|Any CPU
		{775DC098-C010-BBAF-E8DA-3AF55E28829D}.Debug|Any CPU.Build.0 = Debug|Any CPU
		{775DC098-C010-BBAF-E8DA-3AF55E28829D}.Release|Any CPU.ActiveCfg = Release|Any CPU
		{775DC098-C010-BBAF-E8DA-3AF55E28829D}.Release|Any CPU.Build.0 = Release|Any CPU
	EndGlobalSection
	GlobalSection(SolutionProperties) = preSolution
		HideSolutionNode = FALSE
	EndGlobalSection
	GlobalSection(ExtensibilityGlobals) = postSolution
		SolutionGuid = {8A3A1CC1-7B24-4EAA-A22A-EAAAA686026B}
	EndGlobalSection
EndGlobal
